<?xml version="1.0" encoding="utf-8"?>
<!-- Copyright (c) 2015-2019 LunarG, Inc. -->
<Project ToolsVersion="4.0" xmlns="http://schemas.microsoft.com/developer/msbuild/2003">
  <ItemGroup>
    <Filter Include="shaders">
      <UniqueIdentifier>{ac8f1c7f-8c46-4d5d-89da-50bb743338c9}</UniqueIdentifier>
    </Filter>
  </ItemGroup>
  <ItemGroup>
    <ClCompile Include="main.cpp" />
  </ItemGroup>
  <ItemGroup>
    <ClInclude Include="main.h" />
  </ItemGroup>
  <ItemGroup>
    <CustomBuild Include="triangle.frag">
      <Filter>shaders</Filter>
    </CustomBuild>
    <CustomBuild Include="triangle.vert">
      <Filter>shaders</Filter>
    </CustomBuild>
  </ItemGroup>
</Project>